
Microsoft Visual Studio Solution File, Format Version 12.00
# Visual Studio Version 16
VisualStudioVersion = 16.0.31624.102
MinimumVisualStudioVersion = 10.0.40219.1
Project("{FAE04EC0-301F-11D3-BF4B-00C04F79EFBC}") = "VaccineAPI.Server", "Server\VaccineAPI.Server.csproj", "{C8E4F9EA-B3FB-4D32-8620-AECAF1CFE2F3}"
EndProject
Project("{FAE04EC0-301F-11D3-BF4B-00C04F79EFBC}") = "VaccineAPI.Client", "Client\VaccineAPI.Client.csproj", "{B111F710-364E-403A-BEB2-5C2BF3CAEAA0}"
EndProject
Project("{FAE04EC0-301F-11D3-BF4B-00C04F79EFBC}") = "VaccineAPI.Shared", "Shared\VaccineAPI.Shared.csproj", "{80C74413-E9B8-42B7-AFB2-D83681A42BDC}"
EndProject
Global
	GlobalSection(SolutionConfigurationPlatforms) = preSolution
		Debug|Any CPU = Debug|Any CPU
		Release|Any CPU = Release|Any CPU
	EndGlobalSection
	GlobalSection(ProjectConfigurationPlatforms) = postSolution
		{C8E4F9EA-B3FB-4D32-8620-AECAF1CFE2F3}.Debug|Any CPU.ActiveCfg = Debug|Any CPU
		{C8E4F9EA-B3FB-4D32-8620-AECAF1CFE2F3}.Debug|Any CPU.Build.0 = Debug|Any CPU
		{C8E4F9EA-B3FB-4D32-8620-AECAF1CFE2F3}.Release|Any CPU.ActiveCfg = Release|Any CPU
		{C8E4F9EA-B3FB-4D32-8620-AECAF1CFE2F3}.Release|Any CPU.Build.0 = Release|Any CPU
		{B111F710-364E-403A-BEB2-5C2BF3CAEAA0}.Debug|Any CPU.ActiveCfg = Debug|Any CPU
		{B111F710-364E-403A-BEB2-5C2BF3CAEAA0}.Debug|Any CPU.Build.0 = Debug|Any CPU
		{B111F710-364E-403A-BEB2-5C2BF3CAEAA0}.Release|Any CPU.ActiveCfg = Release|Any CPU
		{B111F710-364E-403A-BEB2-5C2BF3CAEAA0}.Release|Any CPU.Build.0 = Release|Any CPU
		{80C74413-E9B8-42B7-AFB2-D83681A42BDC}.Debug|Any CPU.ActiveCfg = Debug|Any CPU
		{80C74413-E9B8-42B7-AFB2-D83681A42BDC}.Debug|Any CPU.Build.0 = Debug|Any CPU
		{80C74413-E9B8-42B7-AFB2-D83681A42BDC}.Release|Any CPU.ActiveCfg = Release|Any CPU
		{80C74413-E9B8-42B7-AFB2-D83681A42BDC}.Release|Any CPU.Build.0 = Release|Any CPU
	EndGlobalSection
	GlobalSection(SolutionProperties) = preSolution
		HideSolutionNode = FALSE
	EndGlobalSection
	GlobalSection(ExtensibilityGlobals) = postSolution
		SolutionGuid = {BC474134-426A-47A4-A1CF-F3D956B1ACDC}
	EndGlobalSection
EndGlobal
